
Microsoft Visual Studio Solution File, Format Version 12.00
# Visual Studio 15
VisualStudioVersion = 15.0.27703.2026
MinimumVisualStudioVersion = 10.0.40219.1
Project("{FAE04EC0-301F-11D3-BF4B-00C04F79EFBC}") = "LabelPlaceholder.Android", "LabelPlaceholder\LabelPlaceholder.Android\LabelPlaceholder.Android.csproj", "{077ED39A-C2BF-4729-A2C1-541D55EC0AE3}"
EndProject
Project("{FAE04EC0-301F-11D3-BF4B-00C04F79EFBC}") = "LabelPlaceholder.iOS", "LabelPlaceholder\LabelPlaceholder.iOS\LabelPlaceholder.iOS.csproj", "{5F15CA92-80BB-40F6-B879-87E64F057DB1}"
EndProject
Project("{FAE04EC0-301F-11D3-BF4B-00C04F79EFBC}") = "LabelPlaceholder", "LabelPlaceholder\LabelPlaceholder\LabelPlaceholder.csproj", "{51E6CFA3-6DA6-4A56-8746-5B68C4C852CD}"
EndProject
Global
	GlobalSection(SolutionConfigurationPlatforms) = preSolution
		Ad-Hoc|Any CPU = Ad-Hoc|Any CPU
		Ad-Hoc|iPhone = Ad-Hoc|iPhone
		Ad-Hoc|iPhoneSimulator = Ad-Hoc|iPhoneSimulator
		AppStore|Any CPU = AppStore|Any CPU
		AppStore|iPhone = AppStore|iPhone
		AppStore|iPhoneSimulator = AppStore|iPhoneSimulator
		Debug|Any CPU = Debug|Any CPU
		Debug|iPhone = Debug|iPhone
		Debug|iPhoneSimulator = Debug|iPhoneSimulator
		Release|Any CPU = Release|Any CPU
		Release|iPhone = Release|iPhone
		Release|iPhoneSimulator = Release|iPhoneSimulator
	EndGlobalSection
	GlobalSection(ProjectConfigurationPlatforms) = postSolution
		{077ED39A-C2BF-4729-A2C1-541D55EC0AE3}.Ad-Hoc|Any CPU.ActiveCfg = Release|Any CPU
		{077ED39A-C2BF-4729-A2C1-541D55EC0AE3}.Ad-Hoc|Any CPU.Build.0 = Release|Any CPU
		{077ED39A-C2BF-4729-A2C1-541D55EC0AE3}.Ad-Hoc|Any CPU.Deploy.0 = Release|Any CPU
		{077ED39A-C2BF-4729-A2C1-541D55EC0AE3}.Ad-Hoc|iPhone.ActiveCfg = Release|Any CPU
		{077ED39A-C2BF-4729-A2C1-541D55EC0AE3}.Ad-Hoc|iPhone.Build.0 = Release|Any CPU
		{077ED39A-C2BF-4729-A2C1-541D55EC0AE3}.Ad-Hoc|iPhone.Deploy.0 = Release|Any CPU
		{077ED39A-C2BF-4729-A2C1-541D55EC0AE3}.Ad-Hoc|iPhoneSimulator.ActiveCfg = Release|Any CPU
		{077ED39A-C2BF-4729-A2C1-541D55EC0AE3}.Ad-Hoc|iPhoneSimulator.Build.0 = Release|Any CPU
		{077ED39A-C2BF-4729-A2C1-541D55EC0AE3}.Ad-Hoc|iPhoneSimulator.Deploy.0 = Release|Any CPU
		{077ED39A-C2BF-4729-A2C1-541D55EC0AE3}.AppStore|Any CPU.ActiveCfg = Release|Any CPU
		{077ED39A-C2BF-4729-A2C1-541D55EC0AE3}.AppStore|Any CPU.Build.0 = Release|Any CPU
		{077ED39A-C2BF-4729-A2C1-541D55EC0AE3}.AppStore|Any CPU.Deploy.0 = Release|Any CPU
		{077ED39A-C2BF-4729-A2C1-541D55EC0AE3}.AppStore|iPhone.ActiveCfg = Release|Any CPU
		{077ED39A-C2BF-4729-A2C1-541D55EC0AE3}.AppStore|iPhone.Build.0 = Release|Any CPU
		{077ED39A-C2BF-4729-A2C1-541D55EC0AE3}.AppStore|iPhone.Deploy.0 = Release|Any CPU
		{077ED39A-C2BF-4729-A2C1-541D55EC0AE3}.AppStore|iPhoneSimulator.ActiveCfg = Release|Any CPU
		{077ED39A-C2BF-4729-A2C1-541D55EC0AE3}.AppStore|iPhoneSimulator.Build.0 = Release|Any CPU
		{077ED39A-C2BF-4729-A2C1-541D55EC0AE3}.AppStore|iPhoneSimulator.Deploy.0 = Release|Any CPU
		{077ED39A-C2BF-4729-A2C1-541D55EC0AE3}.Debug|Any CPU.ActiveCfg = Debug|Any CPU
		{077ED39A-C2BF-4729-A2C1-541D55EC0AE3}.Debug|Any CPU.Build.0 = Debug|Any CPU
		{077ED39A-C2BF-4729-A2C1-541D55EC0AE3}.Debug|Any CPU.Deploy.0 = Debug|Any CPU
		{077ED39A-C2BF-4729-A2C1-541D55EC0AE3}.Debug|iPhone.ActiveCfg = Debug|Any CPU
		{077ED39A-C2BF-4729-A2C1-541D55EC0AE3}.Debug|iPhone.Build.0 = Debug|Any CPU
		{077ED39A-C2BF-4729-A2C1-541D55EC0AE3}.Debug|iPhone.Deploy.0 = Debug|Any CPU
		{077ED39A-C2BF-4729-A2C1-541D55EC0AE3}.Debug|iPhoneSimulator.ActiveCfg = Debug|Any CPU
		{077ED39A-C2BF-4729-A2C1-541D55EC0AE3}.Debug|iPhoneSimulator.Build.0 = Debug|Any CPU
		{077ED39A-C2BF-4729-A2C1-541D55EC0AE3}.Debug|iPhoneSimulator.Deploy.0 = Debug|Any CPU
		{077ED39A-C2BF-4729-A2C1-541D55EC0AE3}.Release|Any CPU.ActiveCfg = Release|Any CPU
		{077ED39A-C2BF-4729-A2C1-541D55EC0AE3}.Release|Any CPU.Build.0 = Release|Any CPU
		{077ED39A-C2BF-4729-A2C1-541D55EC0AE3}.Release|Any CPU.Deploy.0 = Release|Any CPU
		{077ED39A-C2BF-4729-A2C1-541D55EC0AE3}.Release|iPhone.ActiveCfg = Release|Any CPU
		{077ED39A-C2BF-4729-A2C1-541D55EC0AE3}.Release|iPhone.Build.0 = Release|Any CPU
		{077ED39A-C2BF-4729-A2C1-541D55EC0AE3}.Release|iPhone.Deploy.0 = Release|Any CPU
		{077ED39A-C2BF-4729-A2C1-541D55EC0AE3}.Release|iPhoneSimulator.ActiveCfg = Release|Any CPU
		{077ED39A-C2BF-4729-A2C1-541D55EC0AE3}.Release|iPhoneSimulator.Build.0 = Release|Any CPU
		{077ED39A-C2BF-4729-A2C1-541D55EC0AE3}.Release|iPhoneSimulator.Deploy.0 = Release|Any CPU
		{5F15CA92-80BB-40F6-B879-87E64F057DB1}.Ad-Hoc|Any CPU.ActiveCfg = Ad-Hoc|iPhone
		{5F15CA92-80BB-40F6-B879-87E64F057DB1}.Ad-Hoc|Any CPU.Build.0 = Ad-Hoc|iPhone
		{5F15CA92-80BB-40F6-B879-87E64F057DB1}.Ad-Hoc|Any CPU.Deploy.0 = Ad-Hoc|iPhone
		{5F15CA92-80BB-40F6-B879-87E64F057DB1}.Ad-Hoc|iPhone.ActiveCfg = Ad-Hoc|iPhone
		{5F15CA92-80BB-40F6-B879-87E64F057DB1}.Ad-Hoc|iPhone.Build.0 = Ad-Hoc|iPhone
		{5F15CA92-80BB-40F6-B879-87E64F057DB1}.Ad-Hoc|iPhone.Deploy.0 = Ad-Hoc|iPhone
		{5F15CA92-80BB-40F6-B879-87E64F057DB1}.Ad-Hoc|iPhoneSimulator.ActiveCfg = Ad-Hoc|iPhoneSimulator
		{5F15CA92-80BB-40F6-B879-87E64F057DB1}.Ad-Hoc|iPhoneSimulator.Build.0 = Ad-Hoc|iPhoneSimulator
		{5F15CA92-80BB-40F6-B879-87E64F057DB1}.Ad-Hoc|iPhoneSimulator.Deploy.0 = Ad-Hoc|iPhoneSimulator
		{5F15CA92-80BB-40F6-B879-87E64F057DB1}.AppStore|Any CPU.ActiveCfg = AppStore|iPhone
		{5F15CA92-80BB-40F6-B879-87E64F057DB1}.AppStore|Any CPU.Build.0 = AppStore|iPhone
		{5F15CA92-80BB-40F6-B879-87E64F057DB1}.AppStore|Any CPU.Deploy.0 = AppStore|iPhone
		{5F15CA92-80BB-40F6-B879-87E64F057DB1}.AppStore|iPhone.ActiveCfg = AppStore|iPhone
		{5F15CA92-80BB-40F6-B879-87E64F057DB1}.AppStore|iPhone.Build.0 = AppStore|iPhone
		{5F15CA92-80BB-40F6-B879-87E64F057DB1}.AppStore|iPhone.Deploy.0 = AppStore|iPhone
		{5F15CA92-80BB-40F6-B879-87E64F057DB1}.AppStore|iPhoneSimulator.ActiveCfg = AppStore|iPhoneSimulator
		{5F15CA92-80BB-40F6-B879-87E64F057DB1}.AppStore|iPhoneSimulator.Build.0 = AppStore|iPhoneSimulator
		{5F15CA92-80BB-40F6-B879-87E64F057DB1}.AppStore|iPhoneSimulator.Deploy.0 = AppStore|iPhoneSimulator
		{5F15CA92-80BB-40F6-B879-87E64F057DB1}.Debug|Any CPU.ActiveCfg = Debug|iPhoneSimulator
		{5F15CA92-80BB-40F6-B879-87E64F057DB1}.Debug|Any CPU.Build.0 = Debug|iPhoneSimulator
		{5F15CA92-80BB-40F6-B879-87E64F057DB1}.Debug|Any CPU.Deploy.0 = Debug|iPhoneSimulator
		{5F15CA92-80BB-40F6-B879-87E64F057DB1}.Debug|iPhone.ActiveCfg = Debug|iPhone
		{5F15CA92-80BB-40F6-B879-87E64F057DB1}.Debug|iPhone.Build.0 = Debug|iPhone
		{5F15CA92-80BB-40F6-B879-87E64F057DB1}.Debug|iPhone.Deploy.0 = Debug|iPhone
		{5F15CA92-80BB-40F6-B879-87E64F057DB1}.Debug|iPhoneSimulator.ActiveCfg = Debug|iPhoneSimulator
		{5F15CA92-80BB-40F6-B879-87E64F057DB1}.Debug|iPhoneSimulator.Build.0 = Debug|iPhoneSimulator
		{5F15CA92-80BB-40F6-B879-87E64F057DB1}.Debug|iPhoneSimulator.Deploy.0 = Debug|iPhoneSimulator
		{5F15CA92-80BB-40F6-B879-87E64F057DB1}.Release|Any CPU.ActiveCfg = Release|iPhone
		{5F15CA92-80BB-40F6-B879-87E64F057DB1}.Release|Any CPU.Build.0 = Release|iPhone
		{5F15CA92-80BB-40F6-B879-87E64F057DB1}.Release|Any CPU.Deploy.0 = Release|iPhone
		{5F15CA92-80BB-40F6-B879-87E64F057DB1}.Release|iPhone.ActiveCfg = Release|iPhone
		{5F15CA92-80BB-40F6-B879-87E64F057DB1}.Release|iPhone.Build.0 = Release|iPhone
		{5F15CA92-80BB-40F6-B879-87E64F057DB1}.Release|iPhone.Deploy.0 = Release|iPhone
		{5F15CA92-80BB-40F6-B879-87E64F057DB1}.Release|iPhoneSimulator.ActiveCfg = Release|iPhoneSimulator
		{5F15CA92-80BB-40F6-B879-87E64F057DB1}.Release|iPhoneSimulator.Build.0 = Release|iPhoneSimulator
		{5F15CA92-80BB-40F6-B879-87E64F057DB1}.Release|iPhoneSimulator.Deploy.0 = Release|iPhoneSimulator
		{51E6CFA3-6DA6-4A56-8746-5B68C4C852CD}.Ad-Hoc|Any CPU.ActiveCfg = Debug|Any CPU
		{51E6CFA3-6DA6-4A56-8746-5B68C4C852CD}.Ad-Hoc|Any CPU.Build.0 = Debug|Any CPU
		{51E6CFA3-6DA6-4A56-8746-5B68C4C852CD}.Ad-Hoc|Any CPU.Deploy.0 = Debug|Any CPU
		{51E6CFA3-6DA6-4A56-8746-5B68C4C852CD}.Ad-Hoc|iPhone.ActiveCfg = Debug|Any CPU
		{51E6CFA3-6DA6-4A56-8746-5B68C4C852CD}.Ad-Hoc|iPhone.Build.0 = Debug|Any CPU
		{51E6CFA3-6DA6-4A56-8746-5B68C4C852CD}.Ad-Hoc|iPhone.Deploy.0 = Debug|Any CPU
		{51E6CFA3-6DA6-4A56-8746-5B68C4C852CD}.Ad-Hoc|iPhoneSimulator.ActiveCfg = Debug|Any CPU
		{51E6CFA3-6DA6-4A56-8746-5B68C4C852CD}.Ad-Hoc|iPhoneSimulator.Build.0 = Debug|Any CPU
		{51E6CFA3-6DA6-4A56-8746-5B68C4C852CD}.Ad-Hoc|iPhoneSimulator.Deploy.0 = Debug|Any CPU
		{51E6CFA3-6DA6-4A56-8746-5B68C4C852CD}.AppStore|Any CPU.ActiveCfg = Debug|Any CPU
		{51E6CFA3-6DA6-4A56-8746-5B68C4C852CD}.AppStore|Any CPU.Build.0 = Debug|Any CPU
		{51E6CFA3-6DA6-4A56-8746-5B68C4C852CD}.AppStore|Any CPU.Deploy.0 = Debug|Any CPU
		{51E6CFA3-6DA6-4A56-8746-5B68C4C852CD}.AppStore|iPhone.ActiveCfg = Debug|Any CPU
		{51E6CFA3-6DA6-4A56-8746-5B68C4C852CD}.AppStore|iPhone.Build.0 = Debug|Any CPU
		{51E6CFA3-6DA6-4A56-8746-5B68C4C852CD}.AppStore|iPhone.Deploy.0 = Debug|Any CPU
		{51E6CFA3-6DA6-4A56-8746-5B68C4C852CD}.AppStore|iPhoneSimulator.ActiveCfg = Debug|Any CPU
		{51E6CFA3-6DA6-4A56-8746-5B68C4C852CD}.AppStore|iPhoneSimulator.Build.0 = Debug|Any CPU
		{51E6CFA3-6DA6-4A56-8746-5B68C4C852CD}.AppStore|iPhoneSimulator.Deploy.0 = Debug|Any CPU
		{51E6CFA3-6DA6-4A56-8746-5B68C4C852CD}.Debug|Any CPU.ActiveCfg = Debug|Any CPU
		{51E6CFA3-6DA6-4A56-8746-5B68C4C852CD}.Debug|Any CPU.Build.0 = Debug|Any CPU
		{51E6CFA3-6DA6-4A56-8746-5B68C4C852CD}.Debug|Any CPU.Deploy.0 = Debug|Any CPU
		{51E6CFA3-6DA6-4A56-8746-5B68C4C852CD}.Debug|iPhone.ActiveCfg = Debug|Any CPU
		{51E6CFA3-6DA6-4A56-8746-5B68C4C852CD}.Debug|iPhone.Build.0 = Debug|Any CPU
		{51E6CFA3-6DA6-4A56-8746-5B68C4C852CD}.Debug|iPhone.Deploy.0 = Debug|Any CPU
		{51E6CFA3-6DA6-4A56-8746-5B68C4C852CD}.Debug|iPhoneSimulator.ActiveCfg = Debug|Any CPU
		{51E6CFA3-6DA6-4A56-8746-5B68C4C852CD}.Debug|iPhoneSimulator.Build.0 = Debug|Any CPU
		{51E6CFA3-6DA6-4A56-8746-5B68C4C852CD}.Debug|iPhoneSimulator.Deploy.0 = Debug|Any CPU
		{51E6CFA3-6DA6-4A56-8746-5B68C4C852CD}.Release|Any CPU.ActiveCfg = Release|Any CPU
		{51E6CFA3-6DA6-4A56-8746-5B68C4C852CD}.Release|Any CPU.Build.0 = Release|Any CPU
		{51E6CFA3-6DA6-4A56-8746-5B68C4C852CD}.Release|Any CPU.Deploy.0 = Release|Any CPU
		{51E6CFA3-6DA6-4A56-8746-5B68C4C852CD}.Release|iPhone.ActiveCfg = Release|Any CPU
		{51E6CFA3-6DA6-4A56-8746-5B68C4C852CD}.Release|iPhone.Build.0 = Release|Any CPU
		{51E6CFA3-6DA6-4A56-8746-5B68C4C852CD}.Release|iPhone.Deploy.0 = Release|Any CPU
		{51E6CFA3-6DA6-4A56-8746-5B68C4C852CD}.Release|iPhoneSimulator.ActiveCfg = Release|Any CPU
		{51E6CFA3-6DA6-4A56-8746-5B68C4C852CD}.Release|iPhoneSimulator.Build.0 = Release|Any CPU
		{51E6CFA3-6DA6-4A56-8746-5B68C4C852CD}.Release|iPhoneSimulator.Deploy.0 = Release|Any CPU
	EndGlobalSection
	GlobalSection(SolutionProperties) = preSolution
		HideSolutionNode = FALSE
	EndGlobalSection
	GlobalSection(ExtensibilityGlobals) = postSolution
		SolutionGuid = {F3EE7BDB-82DC-42E7-9E41-B7E5C21DACEF}
	EndGlobalSection
EndGlobal
